{
  "version": 4,
  "terraform_version": "1.1.3",
  "serial": 100,
  "lineage": "a4ecce79-f6de-690c-09f2-08d3e1449a2f",
  "outputs": {},
  "resources": [
    {
      "mode": "managed",
      "type": "aws_instance",
      "name": "aws_k8s_master",
      "provider": "provider[\"registry.terraform.io/hashicorp/aws\"]",
      "instances": [
        {
          "schema_version": 1,
          "attributes": {
            "ami": "ami-0fb653ca2d3203ac1",
            "arn": "arn:aws:ec2:us-east-2:838347237198:instance/i-0b35a4344702172e2",
            "associate_public_ip_address": true,
            "availability_zone": "us-east-2a",
            "capacity_reservation_specification": [
              {
                "capacity_reservation_preference": "open",
                "capacity_reservation_target": []
              }
            ],
            "cpu_core_count": 1,
            "cpu_threads_per_core": 1,
            "credit_specification": [
              {
                "cpu_credits": "standard"
              }
            ],
            "disable_api_termination": false,
            "ebs_block_device": [],
            "ebs_optimized": false,
            "enclave_options": [
              {
                "enabled": false
              }
            ],
            "ephemeral_block_device": [],
            "get_password_data": false,
            "hibernation": false,
            "host_id": null,
            "iam_instance_profile": "",
            "id": "i-0b35a4344702172e2",
            "instance_initiated_shutdown_behavior": "stop",
            "instance_state": "running",
            "instance_type": "t2.micro",
            "ipv6_address_count": 0,
            "ipv6_addresses": [],
            "key_name": "aws-k8s-key",
            "launch_template": [],
            "metadata_options": [
              {
                "http_endpoint": "enabled",
                "http_put_response_hop_limit": 1,
                "http_tokens": "optional"
              }
            ],
            "monitoring": false,
            "network_interface": [],
            "outpost_arn": "",
            "password_data": "",
            "placement_group": "",
            "placement_partition_number": null,
            "primary_network_interface_id": "eni-0baa889c5feae02df",
            "private_dns": "ip-10-2-0-56.us-east-2.compute.internal",
            "private_ip": "10.2.0.56",
            "public_dns": "",
            "public_ip": "3.145.99.104",
            "root_block_device": [
              {
                "delete_on_termination": true,
                "device_name": "/dev/sda1",
                "encrypted": false,
                "iops": 100,
                "kms_key_id": "",
                "tags": {},
                "throughput": 0,
                "volume_id": "vol-0ddf444e33860577e",
                "volume_size": 8,
                "volume_type": "gp2"
              }
            ],
            "secondary_private_ips": [],
            "security_groups": [],
            "source_dest_check": true,
            "subnet_id": "subnet-0a8a6ecdd94844ad3",
            "tags": {
              "Name": "aws-k8s-master"
            },
            "tags_all": {
              "Name": "aws-k8s-master"
            },
            "tenancy": "default",
            "timeouts": null,
            "user_data": null,
            "user_data_base64": null,
            "volume_tags": null,
            "vpc_security_group_ids": [
              "sg-07e6f2c0f6e4edc9f"
            ]
          },
          "sensitive_attributes": [],
          "private": "eyJlMmJmYjczMC1lY2FhLTExZTYtOGY4OC0zNDM2M2JjN2M0YzAiOnsiY3JlYXRlIjo2MDAwMDAwMDAwMDAsImRlbGV0ZSI6MTIwMDAwMDAwMDAwMCwidXBkYXRlIjo2MDAwMDAwMDAwMDB9LCJzY2hlbWFfdmVyc2lvbiI6IjEifQ==",
          "dependencies": [
            "aws_key_pair.aws_k8s_key",
            "aws_security_group.aws_k8s_sg",
            "aws_subnet.aws_k8s_subnet",
            "aws_vpc.aws_k8s_vnet"
          ]
        }
      ]
    },
    {
      "mode": "managed",
      "type": "aws_internet_gateway",
      "name": "aws_k8s_igw",
      "provider": "provider[\"registry.terraform.io/hashicorp/aws\"]",
      "instances": [
        {
          "schema_version": 0,
          "attributes": {
            "arn": "arn:aws:ec2:us-east-2:838347237198:internet-gateway/igw-01bc49aa5687f035f",
            "id": "igw-01bc49aa5687f035f",
            "owner_id": "838347237198",
            "tags": {
              "Name": "aws-k8s-igw"
            },
            "tags_all": {
              "Name": "aws-k8s-igw"
            },
            "vpc_id": "vpc-0bcd8c77322718ec7"
          },
          "sensitive_attributes": [],
          "private": "bnVsbA==",
          "dependencies": [
            "aws_vpc.aws_k8s_vnet"
          ]
        }
      ]
    },
    {
      "mode": "managed",
      "type": "aws_key_pair",
      "name": "aws_k8s_key",
      "provider": "provider[\"registry.terraform.io/hashicorp/aws\"]",
      "instances": [
        {
          "schema_version": 1,
          "attributes": {
            "arn": "arn:aws:ec2:us-east-2:838347237198:key-pair/aws-k8s-key",
            "fingerprint": "80:6f:c7:33:0a:3d:93:0d:a5:6b:4b:ba:04:d5:30:16",
            "id": "aws-k8s-key",
            "key_name": "aws-k8s-key",
            "key_name_prefix": "",
            "key_pair_id": "key-0c8400fc7db31c28b",
            "public_key": "ssh-rsa AAAAB3NzaC1yc2EAAAADAQABAAABgQDOZIDqi2Lpk5O9VJyoCNITxzafXjPgW66vlsan+WuMKQiUPsT4u4pk7i7BfBKTU1Ov9a2d4M9aW0ASRfZ4RLhMmoul+UDiuAnZnlO+Z/sW/SZMwREDxKxUurYM5O/JKakt72VCKRNamaabCqO4Mz6t0jWxSlviOXlh2uD82Sj/xnZCBD/8s52ptaQp1g5HJMZWM60T3zXVwzwVchIxi97/J9nI5NpwZdndodvAIngMwPViBaw8lbndiObW7wfxy+N3/YYeCzAyd5ZV3C5tS/W7cR2yCT5T2+zoAZzAIh2nYwZPK9pZ3X/wcvUcP3EB6beTF/GXwi+cGdFH+iZPltVQVFZwwzQKobz2vnKZmM5yvklmG/StaILmKPKGVbXyO75XJPqUqYtBP+D15CxzldNBayOEdaSZ94+zyxekZqsiv32+xvLmVuoyO3uIKednogN1tc74aVj0tM4bg2eiK526T16CbWM3GmWV8QuabWq8ud/TPMndU/7hDQQPXsXMLts= daniel@daniel-Latitude-5310",
            "tags": null,
            "tags_all": {}
          },
          "sensitive_attributes": [],
          "private": "eyJzY2hlbWFfdmVyc2lvbiI6IjEifQ=="
        }
      ]
    },
    {
      "mode": "managed",
      "type": "aws_route_table",
      "name": "aws_k8s_rt",
      "provider": "provider[\"registry.terraform.io/hashicorp/aws\"]",
      "instances": [
        {
          "schema_version": 0,
          "attributes": {
            "arn": "arn:aws:ec2:us-east-2:838347237198:route-table/rtb-00c69c868d6dcbf10",
            "id": "rtb-00c69c868d6dcbf10",
            "owner_id": "838347237198",
            "propagating_vgws": [],
            "route": [
              {
                "carrier_gateway_id": "",
                "cidr_block": "0.0.0.0/0",
                "destination_prefix_list_id": "",
                "egress_only_gateway_id": "",
                "gateway_id": "igw-01bc49aa5687f035f",
                "instance_id": "",
                "ipv6_cidr_block": "",
                "local_gateway_id": "",
                "nat_gateway_id": "",
                "network_interface_id": "",
                "transit_gateway_id": "",
                "vpc_endpoint_id": "",
                "vpc_peering_connection_id": ""
              }
            ],
            "tags": {
              "Name": "aws-k8s-rt"
            },
            "tags_all": {
              "Name": "aws-k8s-rt"
            },
            "timeouts": null,
            "vpc_id": "vpc-0bcd8c77322718ec7"
          },
          "sensitive_attributes": [],
          "private": "eyJlMmJmYjczMC1lY2FhLTExZTYtOGY4OC0zNDM2M2JjN2M0YzAiOnsiY3JlYXRlIjozMDAwMDAwMDAwMDAsImRlbGV0ZSI6MzAwMDAwMDAwMDAwLCJ1cGRhdGUiOjEyMDAwMDAwMDAwMH19",
          "dependencies": [
            "aws_internet_gateway.aws_k8s_igw",
            "aws_vpc.aws_k8s_vnet"
          ]
        }
      ]
    },
    {
      "mode": "managed",
      "type": "aws_route_table_association",
      "name": "aws_k8s_subnet_rt",
      "provider": "provider[\"registry.terraform.io/hashicorp/aws\"]",
      "instances": [
        {
          "schema_version": 0,
          "attributes": {
            "gateway_id": "",
            "id": "rtbassoc-0444526be17903b93",
            "route_table_id": "rtb-00c69c868d6dcbf10",
            "subnet_id": "subnet-0a8a6ecdd94844ad3"
          },
          "sensitive_attributes": [],
          "private": "bnVsbA==",
          "dependencies": [
            "aws_internet_gateway.aws_k8s_igw",
            "aws_route_table.aws_k8s_rt",
            "aws_subnet.aws_k8s_subnet",
            "aws_vpc.aws_k8s_vnet"
          ]
        }
      ]
    },
    {
      "mode": "managed",
      "type": "aws_security_group",
      "name": "aws_k8s_sg",
      "provider": "provider[\"registry.terraform.io/hashicorp/aws\"]",
      "instances": [
        {
          "schema_version": 1,
          "attributes": {
            "arn": "arn:aws:ec2:us-east-2:838347237198:security-group/sg-07e6f2c0f6e4edc9f",
            "description": "Allow All inbound TCP traffic",
            "egress": [
              {
                "cidr_blocks": [
                  "0.0.0.0/0"
                ],
                "description": "",
                "from_port": 0,
                "ipv6_cidr_blocks": [],
                "prefix_list_ids": [],
                "protocol": "-1",
                "security_groups": [],
                "self": false,
                "to_port": 0
              }
            ],
            "id": "sg-07e6f2c0f6e4edc9f",
            "ingress": [
              {
                "cidr_blocks": [
                  "0.0.0.0/0"
                ],
                "description": "Allow All TCP",
                "from_port": 0,
                "ipv6_cidr_blocks": [],
                "prefix_list_ids": [],
                "protocol": "tcp",
                "security_groups": [],
                "self": false,
                "to_port": 65535
              }
            ],
            "name": "aws-allowall-sg",
            "name_prefix": "",
            "owner_id": "838347237198",
            "revoke_rules_on_delete": false,
            "tags": null,
            "tags_all": {},
            "timeouts": null,
            "vpc_id": "vpc-0bcd8c77322718ec7"
          },
          "sensitive_attributes": [],
          "private": "eyJlMmJmYjczMC1lY2FhLTExZTYtOGY4OC0zNDM2M2JjN2M0YzAiOnsiY3JlYXRlIjo2MDAwMDAwMDAwMDAsImRlbGV0ZSI6OTAwMDAwMDAwMDAwfSwic2NoZW1hX3ZlcnNpb24iOiIxIn0=",
          "dependencies": [
            "aws_vpc.aws_k8s_vnet"
          ]
        }
      ]
    },
    {
      "mode": "managed",
      "type": "aws_subnet",
      "name": "aws_k8s_subnet",
      "provider": "provider[\"registry.terraform.io/hashicorp/aws\"]",
      "instances": [
        {
          "schema_version": 1,
          "attributes": {
            "arn": "arn:aws:ec2:us-east-2:838347237198:subnet/subnet-0a8a6ecdd94844ad3",
            "assign_ipv6_address_on_creation": false,
            "availability_zone": "us-east-2a",
            "availability_zone_id": "use2-az1",
            "cidr_block": "10.2.0.0/24",
            "customer_owned_ipv4_pool": "",
            "enable_dns64": false,
            "enable_resource_name_dns_a_record_on_launch": false,
            "enable_resource_name_dns_aaaa_record_on_launch": false,
            "id": "subnet-0a8a6ecdd94844ad3",
            "ipv6_cidr_block": "",
            "ipv6_cidr_block_association_id": "",
            "ipv6_native": false,
            "map_customer_owned_ip_on_launch": false,
            "map_public_ip_on_launch": true,
            "outpost_arn": "",
            "owner_id": "838347237198",
            "private_dns_hostname_type_on_launch": "ip-name",
            "tags": {
              "Name": "aws-k8s-subnet"
            },
            "tags_all": {
              "Name": "aws-k8s-subnet"
            },
            "timeouts": null,
            "vpc_id": "vpc-0bcd8c77322718ec7"
          },
          "sensitive_attributes": [],
          "private": "eyJlMmJmYjczMC1lY2FhLTExZTYtOGY4OC0zNDM2M2JjN2M0YzAiOnsiY3JlYXRlIjo2MDAwMDAwMDAwMDAsImRlbGV0ZSI6MTIwMDAwMDAwMDAwMH0sInNjaGVtYV92ZXJzaW9uIjoiMSJ9",
          "dependencies": [
            "aws_vpc.aws_k8s_vnet"
          ]
        }
      ]
    },
    {
      "mode": "managed",
      "type": "aws_vpc",
      "name": "aws_k8s_vnet",
      "provider": "provider[\"registry.terraform.io/hashicorp/aws\"]",
      "instances": [
        {
          "schema_version": 1,
          "attributes": {
            "arn": "arn:aws:ec2:us-east-2:838347237198:vpc/vpc-0bcd8c77322718ec7",
            "assign_generated_ipv6_cidr_block": false,
            "cidr_block": "10.2.0.0/16",
            "default_network_acl_id": "acl-05a41a92386a39369",
            "default_route_table_id": "rtb-0c02c9298caf2dc95",
            "default_security_group_id": "sg-00a757056362f161a",
            "dhcp_options_id": "dopt-041732da7cac7bb1d",
            "enable_classiclink": null,
            "enable_classiclink_dns_support": null,
            "enable_dns_hostnames": false,
            "enable_dns_support": true,
            "id": "vpc-0bcd8c77322718ec7",
            "instance_tenancy": "default",
            "ipv4_ipam_pool_id": null,
            "ipv4_netmask_length": null,
            "ipv6_association_id": "",
            "ipv6_cidr_block": "",
            "ipv6_ipam_pool_id": null,
            "ipv6_netmask_length": null,
            "main_route_table_id": "rtb-0c02c9298caf2dc95",
            "owner_id": "838347237198",
            "tags": {
              "Name": "aws-k8s-network"
            },
            "tags_all": {
              "Name": "aws-k8s-network"
            }
          },
          "sensitive_attributes": [],
          "private": "eyJzY2hlbWFfdmVyc2lvbiI6IjEifQ=="
        }
      ]
    },
    {
      "mode": "managed",
      "type": "null_resource",
      "name": "inventory_creation",
      "provider": "provider[\"registry.terraform.io/hashicorp/null\"]",
      "instances": [
        {
          "schema_version": 0,
          "attributes": {
            "id": "3902174449823805489",
            "triggers": null
          },
          "sensitive_attributes": [],
          "private": "bnVsbA==",
          "dependencies": [
            "aws_instance.aws_k8s_master",
            "aws_key_pair.aws_k8s_key",
            "aws_security_group.aws_k8s_sg",
            "aws_subnet.aws_k8s_subnet",
            "aws_vpc.aws_k8s_vnet"
          ]
        }
      ]
    }
  ]
}
